
Microsoft Visual Studio Solution File, Format Version 12.00
# Visual Studio Version 17
VisualStudioVersion = 17.7.34031.279
MinimumVisualStudioVersion = 10.0.40219.1
Project("{FAE04EC0-301F-11D3-BF4B-00C04F79EFBC}") = "FreePractice", "FreePractice\FreePractice.csproj", "{7A914093-9EFE-4B6C-B1D3-0849944F1599}"
EndProject
Global
	GlobalSection(SolutionConfigurationPlatforms) = preSolution
		Debug|Any CPU = Debug|Any CPU
		Release|Any CPU = Release|Any CPU
	EndGlobalSection
	GlobalSection(ProjectConfigurationPlatforms) = postSolution
		{7A914093-9EFE-4B6C-B1D3-0849944F1599}.Debug|Any CPU.ActiveCfg = Debug|Any CPU
		{7A914093-9EFE-4B6C-B1D3-0849944F1599}.Debug|Any CPU.Build.0 = Debug|Any CPU
		{7A914093-9EFE-4B6C-B1D3-0849944F1599}.Release|Any CPU.ActiveCfg = Release|Any CPU
		{7A914093-9EFE-4B6C-B1D3-0849944F1599}.Release|Any CPU.Build.0 = Release|Any CPU
	EndGlobalSection
	GlobalSection(SolutionProperties) = preSolution
		HideSolutionNode = FALSE
	EndGlobalSection
	GlobalSection(ExtensibilityGlobals) = postSolution
		SolutionGuid = {175132A8-4461-4BC4-B085-CC72DDFE164A}
	EndGlobalSection
EndGlobal
